{
  "nodes": {
    "nixpkgs": {
      "locked": {
        "lastModified": 1776548001,
        "narHash": "sha256-ZSK0NL4a1BwVbbTBoSnWgbJy9HeZFXLYQizjb2DPF24=",
        "owner": "NixOS",
        "repo": "nixpkgs",
        "rev": "b12141ef619e0a9c1c84dc8c684040326f27cdcc",
        "type": "github"
      },
      "original": {
        "id": "nixpkgs",
        "ref": "nixos-unstable",
        "type": "indirect"
      }
    },
    "root": {
      "inputs": {
        "nixpkgs": "nixpkgs",
        "silentSDDM": "silentSDDM",
        "zen-browser": "zen-browser"
      }
    },
    "silentSDDM": {
      "inputs": {
        "nixpkgs": [
          "nixpkgs"
        ]
      },
      "locked": {
        "lastModified": 1775652648,
        "narHash": "sha256-mLE7i9r9qenayJ8adWm22SbqUwLuopvRhyoizuZTtyo=",
        "ref": "refs/heads/main",
        "rev": "a0fb8a48de772c0340dd6639b331ebf6ec2eb554",
        "revCount": 256,
        "type": "git",
        "url": "https://github.com/uiriansan/SilentSDDM"
      },
      "original": {
        "type": "git",
        "url": "https://github.com/uiriansan/SilentSDDM"
      }
    },
    "zen-browser": {
      "inputs": {
        "nixpkgs": [
          "nixpkgs"
        ]
      },
      "locked": {
        "lastModified": 1771130449,
        "narHash": "sha256-4aKnr603xOLsTsPB4vQqPLpeze4n+9tURz0IK48ZJ4E=",
        "owner": "youwen5",
        "repo": "zen-browser-flake",
        "rev": "105bcb6a016ecc4327f24fc0e9e9aba1da53b33b",
        "type": "github"
      },
      "original": {
        "owner": "youwen5",
        "repo": "zen-browser-flake",
        "type": "github"
      }
    }
  },
  "root": "root",
  "version": 7
}
